// !$*UTF8*$!
{
	archiveVersion = 1;
	classes = {
	};
	objectVersion = 56;
	objects = {

/* Begin PBXBuildFile section */
		100000000000000000000001 /* MitoApp.swift in Sources */ = {isa = PBXBuildFile; fileRef = 100000000000000000000011 /* MitoApp.swift */; };
		100000000000000000000002 /* Theme.swift in Sources */ = {isa = PBXBuildFile; fileRef = 100000000000000000000012 /* Theme.swift */; };
		100000000000000000000003 /* Models.swift in Sources */ = {isa = PBXBuildFile; fileRef = 100000000000000000000013 /* Models.swift */; };
		100000000000000000000004 /* PixelViews.swift in Sources */ = {isa = PBXBuildFile; fileRef = 100000000000000000000014 /* PixelViews.swift */; };
		100000000000000000000005 /* ContentView.swift in Sources */ = {isa = PBXBuildFile; fileRef = 100000000000000000000015 /* ContentView.swift */; };
		100000000000000000000006 /* StudyView.swift in Sources */ = {isa = PBXBuildFile; fileRef = 100000000000000000000016 /* StudyView.swift */; };
		100000000000000000000007 /* BattleView.swift in Sources */ = {isa = PBXBuildFile; fileRef = 100000000000000000000017 /* BattleView.swift */; };
		100000000000000000000008 /* FlashcardsView.swift in Sources */ = {isa = PBXBuildFile; fileRef = 100000000000000000000018 /* FlashcardsView.swift */; };
		100000000000000000000009 /* CollectionView.swift in Sources */ = {isa = PBXBuildFile; fileRef = 100000000000000000000019 /* CollectionView.swift */; };
		10000000000000000000000A /* Assets.xcassets in Resources */ = {isa = PBXBuildFile; fileRef = 10000000000000000000001A /* Assets.xcassets */; };
		10000000000000000000000D /* Fonts/Silkscreen-Regular.ttf in Resources */ = {isa = PBXBuildFile; fileRef = 10000000000000000000001C /* Fonts/Silkscreen-Regular.ttf */; };
		10000000000000000000000E /* Fonts/Silkscreen-Bold.ttf in Resources */ = {isa = PBXBuildFile; fileRef = 10000000000000000000001D /* Fonts/Silkscreen-Bold.ttf */; };
		10000000000000000000000F /* Fonts/PixelifySans.ttf in Resources */ = {isa = PBXBuildFile; fileRef = 10000000000000000000001E /* Fonts/PixelifySans.ttf */; };
		100000000000000000000010 /* MitoBackend.swift in Sources */ = {isa = PBXBuildFile; fileRef = 10000000000000000000001F /* MitoBackend.swift */; };
		100000000000000000000033 /* GameData.swift in Sources */ = {isa = PBXBuildFile; fileRef = 100000000000000000000034 /* GameData.swift */; };
		100000000000000000000035 /* ShopView.swift in Sources */ = {isa = PBXBuildFile; fileRef = 100000000000000000000036 /* ShopView.swift */; };
		100000000000000000000092 /* Supabase in Frameworks */ = {isa = PBXBuildFile; productRef = 100000000000000000000091 /* Supabase */; };
		100000000000000000000097 /* Vendor/zstd/zstddeclib.c in Sources */ = {isa = PBXBuildFile; fileRef = 100000000000000000000096 /* Vendor/zstd/zstddeclib.c */; };
		1000000000000000000000A3 /* AudioManager.swift in Sources */ = {isa = PBXBuildFile; fileRef = 1000000000000000000000A2 /* AudioManager.swift */; };
		1000000000000000000000A5 /* Haptics.swift in Sources */ = {isa = PBXBuildFile; fileRef = 1000000000000000000000A4 /* Haptics.swift */; };
		1000000000000000000000A7 /* Sounds in Resources */ = {isa = PBXBuildFile; fileRef = 1000000000000000000000A6 /* Sounds */; };
		1000000000000000000000B1 /* PrivacyInfo.xcprivacy in Resources */ = {isa = PBXBuildFile; fileRef = 1000000000000000000000B0 /* PrivacyInfo.xcprivacy */; };
		1000000000000000000000B3 /* Engagement.swift in Sources */ = {isa = PBXBuildFile; fileRef = 1000000000000000000000B2 /* Engagement.swift */; };
		1000000000000000000000B5 /* FocusLock.swift in Sources */ = {isa = PBXBuildFile; fileRef = 1000000000000000000000B4 /* FocusLock.swift */; };
		1000000000000000000000B7 /* Classes.swift in Sources */ = {isa = PBXBuildFile; fileRef = 1000000000000000000000B6 /* Classes.swift */; };
		1000000000000000000000B9 /* BetaConfig.swift in Sources */ = {isa = PBXBuildFile; fileRef = 1000000000000000000000B8 /* BetaConfig.swift */; };
		1000000000000000000000C5 /* MitoWidget.swift in Sources */ = {isa = PBXBuildFile; fileRef = 1000000000000000000000C1 /* MitoWidget.swift */; };
		1000000000000000000000C6 /* MitoWidget.appex in Embed Foundation Extensions */ = {isa = PBXBuildFile; fileRef = 1000000000000000000000C0 /* MitoWidget.appex */; settings = {ATTRIBUTES = (RemoveHeadersOnCopy, ); }; };
/* End PBXBuildFile section */

/* Begin PBXContainerItemProxy section */
		1000000000000000000000CF /* PBXContainerItemProxy */ = {
			isa = PBXContainerItemProxy;
			containerPortal = 100000000000000000000041 /* Project object */;
			proxyType = 1;
			remoteGlobalIDString = 1000000000000000000000CA;
			remoteInfo = MitoWidget;
		};
/* End PBXContainerItemProxy section */

/* Begin PBXCopyFilesBuildPhase section */
		1000000000000000000000D0 /* Embed Foundation Extensions */ = {
			isa = PBXCopyFilesBuildPhase;
			buildActionMask = 2147483647;
			dstPath = "";
			dstSubfolderSpec = 13;
			files = (
				1000000000000000000000C6 /* MitoWidget.appex in Embed Foundation Extensions */,
			);
			name = "Embed Foundation Extensions";
			runOnlyForDeploymentPostprocessing = 0;
		};
/* End PBXCopyFilesBuildPhase section */

/* Begin PBXFileReference section */
		10000000000000000000000B /* MitoV3.app */ = {isa = PBXFileReference; explicitFileType = wrapper.application; includeInIndex = 0; path = MitoV3.app; sourceTree = BUILT_PRODUCTS_DIR; };
		100000000000000000000011 /* MitoApp.swift */ = {isa = PBXFileReference; lastKnownFileType = sourcecode.swift; path = MitoApp.swift; sourceTree = "<group>"; };
		100000000000000000000012 /* Theme.swift */ = {isa = PBXFileReference; lastKnownFileType = sourcecode.swift; path = Theme.swift; sourceTree = "<group>"; };
		100000000000000000000013 /* Models.swift */ = {isa = PBXFileReference; lastKnownFileType = sourcecode.swift; path = Models.swift; sourceTree = "<group>"; };
		100000000000000000000014 /* PixelViews.swift */ = {isa = PBXFileReference; lastKnownFileType = sourcecode.swift; path = PixelViews.swift; sourceTree = "<group>"; };
		100000000000000000000015 /* ContentView.swift */ = {isa = PBXFileReference; lastKnownFileType = sourcecode.swift; path = ContentView.swift; sourceTree = "<group>"; };
		100000000000000000000016 /* StudyView.swift */ = {isa = PBXFileReference; lastKnownFileType = sourcecode.swift; path = StudyView.swift; sourceTree = "<group>"; };
		100000000000000000000017 /* BattleView.swift */ = {isa = PBXFileReference; lastKnownFileType = sourcecode.swift; path = BattleView.swift; sourceTree = "<group>"; };
		100000000000000000000018 /* FlashcardsView.swift */ = {isa = PBXFileReference; lastKnownFileType = sourcecode.swift; path = FlashcardsView.swift; sourceTree = "<group>"; };
		100000000000000000000019 /* CollectionView.swift */ = {isa = PBXFileReference; lastKnownFileType = sourcecode.swift; path = CollectionView.swift; sourceTree = "<group>"; };
		10000000000000000000001A /* Assets.xcassets */ = {isa = PBXFileReference; lastKnownFileType = folder.assetcatalog; path = Assets.xcassets; sourceTree = "<group>"; };
		10000000000000000000001C /* Fonts/Silkscreen-Regular.ttf */ = {isa = PBXFileReference; lastKnownFileType = file; path = "Fonts/Silkscreen-Regular.ttf"; sourceTree = "<group>"; };
		10000000000000000000001D /* Fonts/Silkscreen-Bold.ttf */ = {isa = PBXFileReference; lastKnownFileType = file; path = "Fonts/Silkscreen-Bold.ttf"; sourceTree = "<group>"; };
		10000000000000000000001E /* Fonts/PixelifySans.ttf */ = {isa = PBXFileReference; lastKnownFileType = file; path = Fonts/PixelifySans.ttf; sourceTree = "<group>"; };
		10000000000000000000001F /* MitoBackend.swift */ = {isa = PBXFileReference; lastKnownFileType = sourcecode.swift; path = MitoBackend.swift; sourceTree = "<group>"; };
		100000000000000000000034 /* GameData.swift */ = {isa = PBXFileReference; lastKnownFileType = sourcecode.swift; path = GameData.swift; sourceTree = "<group>"; };
		100000000000000000000036 /* ShopView.swift */ = {isa = PBXFileReference; lastKnownFileType = sourcecode.swift; path = ShopView.swift; sourceTree = "<group>"; };
		100000000000000000000096 /* Vendor/zstd/zstddeclib.c */ = {isa = PBXFileReference; lastKnownFileType = sourcecode.c.c; path = Vendor/zstd/zstddeclib.c; sourceTree = "<group>"; };
		1000000000000000000000A2 /* AudioManager.swift */ = {isa = PBXFileReference; lastKnownFileType = sourcecode.swift; path = AudioManager.swift; sourceTree = "<group>"; };
		1000000000000000000000A4 /* Haptics.swift */ = {isa = PBXFileReference; lastKnownFileType = sourcecode.swift; path = Haptics.swift; sourceTree = "<group>"; };
		1000000000000000000000A6 /* Sounds */ = {isa = PBXFileReference; lastKnownFileType = folder; path = Sounds; sourceTree = "<group>"; };
		1000000000000000000000B0 /* PrivacyInfo.xcprivacy */ = {isa = PBXFileReference; lastKnownFileType = text.xml; path = PrivacyInfo.xcprivacy; sourceTree = "<group>"; };
		1000000000000000000000B2 /* Engagement.swift */ = {isa = PBXFileReference; lastKnownFileType = sourcecode.swift; path = Engagement.swift; sourceTree = "<group>"; };
		1000000000000000000000B4 /* FocusLock.swift */ = {isa = PBXFileReference; lastKnownFileType = sourcecode.swift; path = FocusLock.swift; sourceTree = "<group>"; };
		1000000000000000000000B6 /* Classes.swift */ = {isa = PBXFileReference; lastKnownFileType = sourcecode.swift; path = Classes.swift; sourceTree = "<group>"; };
		1000000000000000000000B8 /* BetaConfig.swift */ = {isa = PBXFileReference; lastKnownFileType = sourcecode.swift; path = BetaConfig.swift; sourceTree = "<group>"; };
		1000000000000000000000C0 /* MitoWidget.appex */ = {isa = PBXFileReference; explicitFileType = "wrapper.app-extension"; includeInIndex = 0; path = MitoWidget.appex; sourceTree = BUILT_PRODUCTS_DIR; };
		1000000000000000000000C1 /* MitoWidget.swift */ = {isa = PBXFileReference; lastKnownFileType = sourcecode.swift; path = MitoWidget.swift; sourceTree = "<group>"; };
		1000000000000000000000C2 /* Info.plist */ = {isa = PBXFileReference; lastKnownFileType = text.plist.xml; path = Info.plist; sourceTree = "<group>"; };
		1000000000000000000000C3 /* MitoWidget.entitlements */ = {isa = PBXFileReference; lastKnownFileType = text.plist.entitlements; path = MitoWidget.entitlements; sourceTree = "<group>"; };
		1000000000000000000000C4 /* MitoV3.entitlements */ = {isa = PBXFileReference; lastKnownFileType = text.plist.entitlements; path = MitoV3.entitlements; sourceTree = "<group>"; };
/* End PBXFileReference section */

/* Begin PBXFrameworksBuildPhase section */
		100000000000000000000020 /* Frameworks */ = {
			isa = PBXFrameworksBuildPhase;
			buildActionMask = 2147483647;
			files = (
				100000000000000000000092 /* Supabase in Frameworks */,
			);
			runOnlyForDeploymentPostprocessing = 0;
		};
		1000000000000000000000C8 /* Frameworks */ = {
			isa = PBXFrameworksBuildPhase;
			buildActionMask = 2147483647;
			files = (
			);
			runOnlyForDeploymentPostprocessing = 0;
		};
/* End PBXFrameworksBuildPhase section */

/* Begin PBXGroup section */
		100000000000000000000030 = {
			isa = PBXGroup;
			children = (
				100000000000000000000031 /* MitoV3 */,
				1000000000000000000000D1 /* MitoWidget */,
				100000000000000000000032 /* Products */,
			);
			sourceTree = "<group>";
		};
		100000000000000000000031 /* MitoV3 */ = {
			isa = PBXGroup;
			children = (
				100000000000000000000011 /* MitoApp.swift */,
				100000000000000000000012 /* Theme.swift */,
				100000000000000000000013 /* Models.swift */,
				100000000000000000000014 /* PixelViews.swift */,
				100000000000000000000015 /* ContentView.swift */,
				100000000000000000000016 /* StudyView.swift */,
				100000000000000000000017 /* BattleView.swift */,
				100000000000000000000034 /* GameData.swift */,
				100000000000000000000036 /* ShopView.swift */,
				100000000000000000000096 /* Vendor/zstd/zstddeclib.c */,
				100000000000000000000018 /* FlashcardsView.swift */,
				100000000000000000000019 /* CollectionView.swift */,
				10000000000000000000001F /* MitoBackend.swift */,
				1000000000000000000000A2 /* AudioManager.swift */,
				1000000000000000000000A4 /* Haptics.swift */,
				1000000000000000000000B2 /* Engagement.swift */,
				1000000000000000000000B4 /* FocusLock.swift */,
				1000000000000000000000B6 /* Classes.swift */,
				1000000000000000000000B8 /* BetaConfig.swift */,
				10000000000000000000001A /* Assets.xcassets */,
				1000000000000000000000A6 /* Sounds */,
				10000000000000000000001C /* Fonts/Silkscreen-Regular.ttf */,
				10000000000000000000001D /* Fonts/Silkscreen-Bold.ttf */,
				10000000000000000000001E /* Fonts/PixelifySans.ttf */,
				1000000000000000000000B0 /* PrivacyInfo.xcprivacy */,
				1000000000000000000000C4 /* MitoV3.entitlements */,
			);
			path = MitoV3;
			sourceTree = "<group>";
		};
		100000000000000000000032 /* Products */ = {
			isa = PBXGroup;
			children = (
				10000000000000000000000B /* MitoV3.app */,
				1000000000000000000000C0 /* MitoWidget.appex */,
			);
			name = Products;
			sourceTree = "<group>";
		};
		1000000000000000000000D1 /* MitoWidget */ = {
			isa = PBXGroup;
			children = (
				1000000000000000000000C1 /* MitoWidget.swift */,
				1000000000000000000000C2 /* Info.plist */,
				1000000000000000000000C3 /* MitoWidget.entitlements */,
			);
			path = MitoWidget;
			sourceTree = "<group>";
		};
/* End PBXGroup section */

/* Begin PBXNativeTarget section */
		100000000000000000000040 /* MitoV3 */ = {
			isa = PBXNativeTarget;
			buildConfigurationList = 100000000000000000000070 /* Build configuration list for PBXNativeTarget "MitoV3" */;
			buildPhases = (
				100000000000000000000050 /* Sources */,
				100000000000000000000020 /* Frameworks */,
				100000000000000000000060 /* Resources */,
				1000000000000000000000D0 /* Embed Foundation Extensions */,
			);
			buildRules = (
			);
			dependencies = (
				1000000000000000000000CE /* PBXTargetDependency */,
			);
			name = MitoV3;
			packageProductDependencies = (
				100000000000000000000091 /* Supabase */,
			);
			productName = MitoV3;
			productReference = 10000000000000000000000B /* MitoV3.app */;
			productType = "com.apple.product-type.application";
		};
		1000000000000000000000CA /* MitoWidget */ = {
			isa = PBXNativeTarget;
			buildConfigurationList = 1000000000000000000000CB /* Build configuration list for PBXNativeTarget "MitoWidget" */;
			buildPhases = (
				1000000000000000000000C7 /* Sources */,
				1000000000000000000000C8 /* Frameworks */,
				1000000000000000000000C9 /* Resources */,
			);
			buildRules = (
			);
			dependencies = (
			);
			name = MitoWidget;
			productName = MitoWidget;
			productReference = 1000000000000000000000C0 /* MitoWidget.appex */;
			productType = "com.apple.product-type.app-extension";
		};
/* End PBXNativeTarget section */

/* Begin PBXProject section */
		100000000000000000000041 /* Project object */ = {
			isa = PBXProject;
			attributes = {
				BuildIndependentTargetsInParallel = 1;
				LastSwiftUpdateCheck = 2611;
				LastUpgradeCheck = 2611;
				TargetAttributes = {
					100000000000000000000040 = {
						CreatedOnToolsVersion = 26.1.1;
					};
				};
			};
			buildConfigurationList = 100000000000000000000071 /* Build configuration list for PBXProject "MitoV3" */;
			compatibilityVersion = "Xcode 14.0";
			developmentRegion = en;
			hasScannedForEncodings = 0;
			knownRegions = (
				en,
				Base,
			);
			mainGroup = 100000000000000000000030;
			packageReferences = (
				100000000000000000000090 /* XCRemoteSwiftPackageReference "supabase-swift" */,
			);
			productRefGroup = 100000000000000000000032 /* Products */;
			projectDirPath = "";
			projectRoot = "";
			targets = (
				100000000000000000000040 /* MitoV3 */,
				1000000000000000000000CA /* MitoWidget */,
			);
		};
/* End PBXProject section */

/* Begin PBXResourcesBuildPhase section */
		100000000000000000000060 /* Resources */ = {
			isa = PBXResourcesBuildPhase;
			buildActionMask = 2147483647;
			files = (
				10000000000000000000000A /* Assets.xcassets in Resources */,
				10000000000000000000000D /* Fonts/Silkscreen-Regular.ttf in Resources */,
				10000000000000000000000E /* Fonts/Silkscreen-Bold.ttf in Resources */,
				10000000000000000000000F /* Fonts/PixelifySans.ttf in Resources */,
				1000000000000000000000A7 /* Sounds in Resources */,
				1000000000000000000000B1 /* PrivacyInfo.xcprivacy in Resources */,
			);
			runOnlyForDeploymentPostprocessing = 0;
		};
		1000000000000000000000C9 /* Resources */ = {
			isa = PBXResourcesBuildPhase;
			buildActionMask = 2147483647;
			files = (
			);
			runOnlyForDeploymentPostprocessing = 0;
		};
/* End PBXResourcesBuildPhase section */

/* Begin PBXSourcesBuildPhase section */
		100000000000000000000050 /* Sources */ = {
			isa = PBXSourcesBuildPhase;
			buildActionMask = 2147483647;
			files = (
				100000000000000000000001 /* MitoApp.swift in Sources */,
				100000000000000000000002 /* Theme.swift in Sources */,
				100000000000000000000003 /* Models.swift in Sources */,
				100000000000000000000004 /* PixelViews.swift in Sources */,
				100000000000000000000005 /* ContentView.swift in Sources */,
				100000000000000000000006 /* StudyView.swift in Sources */,
				100000000000000000000007 /* BattleView.swift in Sources */,
				100000000000000000000033 /* GameData.swift in Sources */,
				100000000000000000000035 /* ShopView.swift in Sources */,
				100000000000000000000097 /* Vendor/zstd/zstddeclib.c in Sources */,
				100000000000000000000008 /* FlashcardsView.swift in Sources */,
				100000000000000000000009 /* CollectionView.swift in Sources */,
				100000000000000000000010 /* MitoBackend.swift in Sources */,
				1000000000000000000000A3 /* AudioManager.swift in Sources */,
				1000000000000000000000A5 /* Haptics.swift in Sources */,
				1000000000000000000000B3 /* Engagement.swift in Sources */,
				1000000000000000000000B5 /* FocusLock.swift in Sources */,
				1000000000000000000000B7 /* Classes.swift in Sources */,
				1000000000000000000000B9 /* BetaConfig.swift in Sources */,
			);
			runOnlyForDeploymentPostprocessing = 0;
		};
		1000000000000000000000C7 /* Sources */ = {
			isa = PBXSourcesBuildPhase;
			buildActionMask = 2147483647;
			files = (
				1000000000000000000000C5 /* MitoWidget.swift in Sources */,
			);
			runOnlyForDeploymentPostprocessing = 0;
		};
/* End PBXSourcesBuildPhase section */

/* Begin PBXTargetDependency section */
		1000000000000000000000CE /* PBXTargetDependency */ = {
			isa = PBXTargetDependency;
			target = 1000000000000000000000CA /* MitoWidget */;
			targetProxy = 1000000000000000000000CF /* PBXContainerItemProxy */;
		};
/* End PBXTargetDependency section */

/* Begin XCBuildConfiguration section */
		100000000000000000000080 /* Debug */ = {
			isa = XCBuildConfiguration;
			buildSettings = {
				ALWAYS_SEARCH_USER_PATHS = NO;
				ASSETCATALOG_COMPILER_GENERATE_SWIFT_ASSET_SYMBOL_EXTENSIONS = YES;
				CLANG_ANALYZER_NONNULL = YES;
				CLANG_ANALYZER_NUMBER_OBJECT_CONVERSION = YES_AGGRESSIVE;
				CLANG_CXX_LANGUAGE_STANDARD = "gnu++20";
				CLANG_ENABLE_MODULES = YES;
				CLANG_ENABLE_OBJC_ARC = YES;
				CLANG_ENABLE_OBJC_WEAK = YES;
				CLANG_WARN_BLOCK_CAPTURE_AUTORELEASING = YES;
				CLANG_WARN_BOOL_CONVERSION = YES;
				CLANG_WARN_COMMA = YES;
				CLANG_WARN_CONSTANT_CONVERSION = YES;
				CLANG_WARN_DEPRECATED_OBJC_IMPLEMENTATIONS = YES;
				CLANG_WARN_DIRECT_OBJC_ISA_USAGE = YES_ERROR;
				CLANG_WARN_DOCUMENTATION_COMMENTS = YES;
				CLANG_WARN_EMPTY_BODY = YES;
				CLANG_WARN_ENUM_CONVERSION = YES;
				CLANG_WARN_INFINITE_RECURSION = YES;
				CLANG_WARN_INT_CONVERSION = YES;
				CLANG_WARN_NON_LITERAL_NULL_CONVERSION = YES;
				CLANG_WARN_OBJC_IMPLICIT_RETAIN_SELF = YES;
				CLANG_WARN_OBJC_LITERAL_CONVERSION = YES;
				CLANG_WARN_OBJC_ROOT_CLASS = YES_ERROR;
				CLANG_WARN_QUOTED_INCLUDE_IN_FRAMEWORK_HEADER = YES;
				CLANG_WARN_RANGE_LOOP_ANALYSIS = YES;
				CLANG_WARN_STRICT_PROTOTYPES = YES;
				CLANG_WARN_SUSPICIOUS_MOVE = YES;
				CLANG_WARN_UNGUARDED_AVAILABILITY = YES_AGGRESSIVE;
				CLANG_WARN_UNREACHABLE_CODE = YES;
				CLANG_WARN__DUPLICATE_METHOD_MATCH = YES;
				COPY_PHASE_STRIP = NO;
				DEBUG_INFORMATION_FORMAT = dwarf;
				ENABLE_STRICT_OBJC_MSGSEND = YES;
				ENABLE_TESTABILITY = YES;
				ENABLE_USER_SCRIPT_SANDBOXING = YES;
				GCC_C_LANGUAGE_STANDARD = gnu17;
				GCC_DYNAMIC_NO_PIC = NO;
				GCC_NO_COMMON_BLOCKS = YES;
				GCC_OPTIMIZATION_LEVEL = 0;
				GCC_PREPROCESSOR_DEFINITIONS = (
					"DEBUG=1",
					"$(inherited)",
				);
				GCC_WARN_64_TO_32_BIT_CONVERSION = YES;
				GCC_WARN_ABOUT_RETURN_TYPE = YES_ERROR;
				GCC_WARN_UNDECLARED_SELECTOR = YES;
				GCC_WARN_UNINITIALIZED_AUTOS = YES_AGGRESSIVE;
				GCC_WARN_UNUSED_FUNCTION = YES;
				GCC_WARN_UNUSED_VARIABLE = YES;
				IPHONEOS_DEPLOYMENT_TARGET = 18.0;
				LOCALIZATION_PREFERS_STRING_CATALOGS = YES;
				MTL_ENABLE_DEBUG_INFO = INCLUDE_SOURCE;
				MTL_FAST_MATH = YES;
				ONLY_ACTIVE_ARCH = YES;
				SDKROOT = iphoneos;
				SWIFT_ACTIVE_COMPILATION_CONDITIONS = "DEBUG $(inherited)";
				SWIFT_OPTIMIZATION_LEVEL = "-Onone";
			};
			name = Debug;
		};
		100000000000000000000081 /* Release */ = {
			isa = XCBuildConfiguration;
			buildSettings = {
				ALWAYS_SEARCH_USER_PATHS = NO;
				ASSETCATALOG_COMPILER_GENERATE_SWIFT_ASSET_SYMBOL_EXTENSIONS = YES;
				CLANG_ANALYZER_NONNULL = YES;
				CLANG_ANALYZER_NUMBER_OBJECT_CONVERSION = YES_AGGRESSIVE;
				CLANG_CXX_LANGUAGE_STANDARD = "gnu++20";
				CLANG_ENABLE_MODULES = YES;
				CLANG_ENABLE_OBJC_ARC = YES;
				CLANG_ENABLE_OBJC_WEAK = YES;
				CLANG_WARN_BLOCK_CAPTURE_AUTORELEASING = YES;
				CLANG_WARN_BOOL_CONVERSION = YES;
				CLANG_WARN_COMMA = YES;
				CLANG_WARN_CONSTANT_CONVERSION = YES;
				CLANG_WARN_DEPRECATED_OBJC_IMPLEMENTATIONS = YES;
				CLANG_WARN_DIRECT_OBJC_ISA_USAGE = YES_ERROR;
				CLANG_WARN_DOCUMENTATION_COMMENTS = YES;
				CLANG_WARN_EMPTY_BODY = YES;
				CLANG_WARN_ENUM_CONVERSION = YES;
				CLANG_WARN_INFINITE_RECURSION = YES;
				CLANG_WARN_INT_CONVERSION = YES;
				CLANG_WARN_NON_LITERAL_NULL_CONVERSION = YES;
				CLANG_WARN_OBJC_IMPLICIT_RETAIN_SELF = YES;
				CLANG_WARN_OBJC_LITERAL_CONVERSION = YES;
				CLANG_WARN_OBJC_ROOT_CLASS = YES_ERROR;
				CLANG_WARN_QUOTED_INCLUDE_IN_FRAMEWORK_HEADER = YES;
				CLANG_WARN_RANGE_LOOP_ANALYSIS = YES;
				CLANG_WARN_STRICT_PROTOTYPES = YES;
				CLANG_WARN_SUSPICIOUS_MOVE = YES;
				CLANG_WARN_UNGUARDED_AVAILABILITY = YES_AGGRESSIVE;
				CLANG_WARN_UNREACHABLE_CODE = YES;
				CLANG_WARN__DUPLICATE_METHOD_MATCH = YES;
				COPY_PHASE_STRIP = NO;
				DEBUG_INFORMATION_FORMAT = "dwarf-with-dsym";
				ENABLE_NS_ASSERTIONS = NO;
				ENABLE_STRICT_OBJC_MSGSEND = YES;
				ENABLE_USER_SCRIPT_SANDBOXING = YES;
				GCC_C_LANGUAGE_STANDARD = gnu17;
				GCC_NO_COMMON_BLOCKS = YES;
				GCC_WARN_64_TO_32_BIT_CONVERSION = YES;
				GCC_WARN_ABOUT_RETURN_TYPE = YES_ERROR;
				GCC_WARN_UNDECLARED_SELECTOR = YES;
				GCC_WARN_UNINITIALIZED_AUTOS = YES_AGGRESSIVE;
				GCC_WARN_UNUSED_FUNCTION = YES;
				GCC_WARN_UNUSED_VARIABLE = YES;
				IPHONEOS_DEPLOYMENT_TARGET = 18.0;
				LOCALIZATION_PREFERS_STRING_CATALOGS = YES;
				MTL_ENABLE_DEBUG_INFO = NO;
				MTL_FAST_MATH = YES;
				SDKROOT = iphoneos;
				SWIFT_COMPILATION_MODE = wholemodule;
				VALIDATE_PRODUCT = YES;
			};
			name = Release;
		};
		100000000000000000000082 /* Debug */ = {
			isa = XCBuildConfiguration;
			buildSettings = {
				ASSETCATALOG_COMPILER_APPICON_NAME = AppIcon;
				CODE_SIGN_ENTITLEMENTS = MitoV3/MitoV3.entitlements;
				CODE_SIGN_STYLE = Automatic;
				CURRENT_PROJECT_VERSION = 1;
				DEVELOPMENT_ASSET_PATHS = "";
				DEVELOPMENT_TEAM = 359RT325UQ;
				ENABLE_PREVIEWS = YES;
				GENERATE_INFOPLIST_FILE = YES;
				INFOPLIST_KEY_CFBundleDisplayName = "Mito V3";
				INFOPLIST_KEY_ITSAppUsesNonExemptEncryption = NO;
				INFOPLIST_KEY_LSApplicationCategoryType = "public.app-category.education";
				INFOPLIST_KEY_UIApplicationSceneManifest_Generation = YES;
				INFOPLIST_KEY_UIApplicationSupportsIndirectInputEvents = YES;
				INFOPLIST_KEY_UILaunchScreen_Generation = YES;
				INFOPLIST_KEY_UISupportedInterfaceOrientations_iPad = "UIInterfaceOrientationPortrait UIInterfaceOrientationPortraitUpsideDown UIInterfaceOrientationLandscapeLeft UIInterfaceOrientationLandscapeRight";
				INFOPLIST_KEY_UISupportedInterfaceOrientations_iPhone = "UIInterfaceOrientationPortrait UIInterfaceOrientationLandscapeLeft UIInterfaceOrientationLandscapeRight";
				IPHONEOS_DEPLOYMENT_TARGET = 18.0;
				LD_RUNPATH_SEARCH_PATHS = (
					"$(inherited)",
					"@executable_path/Frameworks",
				);
				MARKETING_VERSION = 1.0;
				PRODUCT_BUNDLE_IDENTIFIER = com.yukinabe.mitov3;
				PRODUCT_NAME = "$(TARGET_NAME)";
				SWIFT_EMIT_LOC_STRINGS = YES;
				SWIFT_OBJC_BRIDGING_HEADER = "MitoV3/Vendor/zstd/Mito-Bridging-Header.h";
				SWIFT_VERSION = 5.0;
				TARGETED_DEVICE_FAMILY = "1";
			};
			name = Debug;
		};
		100000000000000000000083 /* Release */ = {
			isa = XCBuildConfiguration;
			buildSettings = {
				ASSETCATALOG_COMPILER_APPICON_NAME = AppIcon;
				CODE_SIGN_ENTITLEMENTS = MitoV3/MitoV3.entitlements;
				CODE_SIGN_STYLE = Automatic;
				CURRENT_PROJECT_VERSION = 1;
				DEVELOPMENT_ASSET_PATHS = "";
				DEVELOPMENT_TEAM = 359RT325UQ;
				ENABLE_PREVIEWS = YES;
				GENERATE_INFOPLIST_FILE = YES;
				INFOPLIST_KEY_CFBundleDisplayName = "Mito V3";
				INFOPLIST_KEY_ITSAppUsesNonExemptEncryption = NO;
				INFOPLIST_KEY_LSApplicationCategoryType = "public.app-category.education";
				INFOPLIST_KEY_UIApplicationSceneManifest_Generation = YES;
				INFOPLIST_KEY_UIApplicationSupportsIndirectInputEvents = YES;
				INFOPLIST_KEY_UILaunchScreen_Generation = YES;
				INFOPLIST_KEY_UISupportedInterfaceOrientations_iPad = "UIInterfaceOrientationPortrait UIInterfaceOrientationPortraitUpsideDown UIInterfaceOrientationLandscapeLeft UIInterfaceOrientationLandscapeRight";
				INFOPLIST_KEY_UISupportedInterfaceOrientations_iPhone = "UIInterfaceOrientationPortrait UIInterfaceOrientationLandscapeLeft UIInterfaceOrientationLandscapeRight";
				IPHONEOS_DEPLOYMENT_TARGET = 18.0;
				LD_RUNPATH_SEARCH_PATHS = (
					"$(inherited)",
					"@executable_path/Frameworks",
				);
				MARKETING_VERSION = 1.0;
				PRODUCT_BUNDLE_IDENTIFIER = com.yukinabe.mitov3;
				PRODUCT_NAME = "$(TARGET_NAME)";
				SWIFT_EMIT_LOC_STRINGS = YES;
				SWIFT_OBJC_BRIDGING_HEADER = "MitoV3/Vendor/zstd/Mito-Bridging-Header.h";
				SWIFT_VERSION = 5.0;
				TARGETED_DEVICE_FAMILY = "1";
			};
			name = Release;
		};
		1000000000000000000000CC /* Debug */ = {
			isa = XCBuildConfiguration;
			buildSettings = {
				CODE_SIGN_ENTITLEMENTS = MitoWidget/MitoWidget.entitlements;
				CODE_SIGN_STYLE = Automatic;
				CURRENT_PROJECT_VERSION = 1;
				DEVELOPMENT_TEAM = 359RT325UQ;
				GENERATE_INFOPLIST_FILE = YES;
				INFOPLIST_FILE = MitoWidget/Info.plist;
				INFOPLIST_KEY_CFBundleDisplayName = Mito;
				INFOPLIST_KEY_NSHumanReadableCopyright = "";
				IPHONEOS_DEPLOYMENT_TARGET = 18.0;
				LD_RUNPATH_SEARCH_PATHS = (
					"$(inherited)",
					"@executable_path/Frameworks",
					"@executable_path/../../Frameworks",
				);
				MARKETING_VERSION = 1.0;
				PRODUCT_BUNDLE_IDENTIFIER = com.yukinabe.mitov3.MitoWidget;
				PRODUCT_NAME = "$(TARGET_NAME)";
				SKIP_INSTALL = YES;
				SWIFT_EMIT_LOC_STRINGS = YES;
				SWIFT_VERSION = 5.0;
				TARGETED_DEVICE_FAMILY = "1";
			};
			name = Debug;
		};
		1000000000000000000000CD /* Release */ = {
			isa = XCBuildConfiguration;
			buildSettings = {
				CODE_SIGN_ENTITLEMENTS = MitoWidget/MitoWidget.entitlements;
				CODE_SIGN_STYLE = Automatic;
				CURRENT_PROJECT_VERSION = 1;
				DEVELOPMENT_TEAM = 359RT325UQ;
				GENERATE_INFOPLIST_FILE = YES;
				INFOPLIST_FILE = MitoWidget/Info.plist;
				INFOPLIST_KEY_CFBundleDisplayName = Mito;
				INFOPLIST_KEY_NSHumanReadableCopyright = "";
				IPHONEOS_DEPLOYMENT_TARGET = 18.0;
				LD_RUNPATH_SEARCH_PATHS = (
					"$(inherited)",
					"@executable_path/Frameworks",
					"@executable_path/../../Frameworks",
				);
				MARKETING_VERSION = 1.0;
				PRODUCT_BUNDLE_IDENTIFIER = com.yukinabe.mitov3.MitoWidget;
				PRODUCT_NAME = "$(TARGET_NAME)";
				SKIP_INSTALL = YES;
				SWIFT_EMIT_LOC_STRINGS = YES;
				SWIFT_VERSION = 5.0;
				TARGETED_DEVICE_FAMILY = "1";
			};
			name = Release;
		};
/* End XCBuildConfiguration section */

/* Begin XCConfigurationList section */
		100000000000000000000070 /* Build configuration list for PBXNativeTarget "MitoV3" */ = {
			isa = XCConfigurationList;
			buildConfigurations = (
				100000000000000000000082 /* Debug */,
				100000000000000000000083 /* Release */,
			);
			defaultConfigurationIsVisible = 0;
			defaultConfigurationName = Release;
		};
		100000000000000000000071 /* Build configuration list for PBXProject "MitoV3" */ = {
			isa = XCConfigurationList;
			buildConfigurations = (
				100000000000000000000080 /* Debug */,
				100000000000000000000081 /* Release */,
			);
			defaultConfigurationIsVisible = 0;
			defaultConfigurationName = Release;
		};
		1000000000000000000000CB /* Build configuration list for PBXNativeTarget "MitoWidget" */ = {
			isa = XCConfigurationList;
			buildConfigurations = (
				1000000000000000000000CC /* Debug */,
				1000000000000000000000CD /* Release */,
			);
			defaultConfigurationIsVisible = 0;
			defaultConfigurationName = Release;
		};
/* End XCConfigurationList section */

/* Begin XCRemoteSwiftPackageReference section */
		100000000000000000000090 /* XCRemoteSwiftPackageReference "supabase-swift" */ = {
			isa = XCRemoteSwiftPackageReference;
			repositoryURL = "https://github.com/supabase/supabase-swift.git";
			requirement = {
				kind = upToNextMajorVersion;
				minimumVersion = 2.0.0;
			};
		};
/* End XCRemoteSwiftPackageReference section */

/* Begin XCSwiftPackageProductDependency section */
		100000000000000000000091 /* Supabase */ = {
			isa = XCSwiftPackageProductDependency;
			package = 100000000000000000000090 /* XCRemoteSwiftPackageReference "supabase-swift" */;
			productName = Supabase;
		};
/* End XCSwiftPackageProductDependency section */
	};
	rootObject = 100000000000000000000041 /* Project object */;
}
